
Microsoft Visual Studio Solution File, Format Version 12.00
# Visual Studio Version 17
VisualStudioVersion = 17.4.33213.308
MinimumVisualStudioVersion = 10.0.40219.1
Project("{FAE04EC0-301F-11D3-BF4B-00C04F79EFBC}") = "WSConvertisseur", "WSConvertisseur\WSConvertisseur.csproj", "{41869C8B-5501-481F-ACB7-58F2FB5C2504}"
EndProject
Global
	GlobalSection(SolutionConfigurationPlatforms) = preSolution
		Debug|Any CPU = Debug|Any CPU
		Release|Any CPU = Release|Any CPU
	EndGlobalSection
	GlobalSection(ProjectConfigurationPlatforms) = postSolution
		{41869C8B-5501-481F-ACB7-58F2FB5C2504}.Debug|Any CPU.ActiveCfg = Debug|Any CPU
		{41869C8B-5501-481F-ACB7-58F2FB5C2504}.Debug|Any CPU.Build.0 = Debug|Any CPU
		{41869C8B-5501-481F-ACB7-58F2FB5C2504}.Release|Any CPU.ActiveCfg = Release|Any CPU
		{41869C8B-5501-481F-ACB7-58F2FB5C2504}.Release|Any CPU.Build.0 = Release|Any CPU
	EndGlobalSection
	GlobalSection(SolutionProperties) = preSolution
		HideSolutionNode = FALSE
	EndGlobalSection
	GlobalSection(ExtensibilityGlobals) = postSolution
		SolutionGuid = {89A6B83E-6D1E-4ED5-9C75-E9F62213D866}
	EndGlobalSection
EndGlobal
